
Microsoft Visual Studio Solution File, Format Version 12.00
# Visual Studio 14
VisualStudioVersion = 14.0.23107.0
MinimumVisualStudioVersion = 10.0.40219.1
Project("{FAE04EC0-301F-11D3-BF4B-00C04F79EFBC}") = "HuffmanTree", "HuffmanTree\HuffmanTree.csproj", "{9C798922-CF1B-46DF-AD2D-C72EB899B638}"
EndProject
Project("{FAE04EC0-301F-11D3-BF4B-00C04F79EFBC}") = "ShortestPath", "ShortestPath\ShortestPath.csproj", "{856B723F-BC9E-421F-BF08-A839D716BFC9}"
EndProject
Project("{FAE04EC0-301F-11D3-BF4B-00C04F79EFBC}") = "Sorts", "Sorts\Sorts.csproj", "{19E1C187-F169-4F14-82A2-C635C78069E9}"
EndProject
Project("{FAE04EC0-301F-11D3-BF4B-00C04F79EFBC}") = "TreeArray", "TreeArray\TreeArray.csproj", "{C84C99F3-2793-4DC1-A2E6-6D4DABAE9AB5}"
EndProject
Project("{FAE04EC0-301F-11D3-BF4B-00C04F79EFBC}") = "BST", "BST\BST.csproj", "{8FCEAE81-6F32-4FC1-AAFD-2317C1816352}"
EndProject
Project("{FAE04EC0-301F-11D3-BF4B-00C04F79EFBC}") = "JosephusRing", "JosephusRing\JosephusRing.csproj", "{6F5519DE-13D9-46EE-8997-41F90E380F9C}"
EndProject
Project("{FAE04EC0-301F-11D3-BF4B-00C04F79EFBC}") = "HashTable", "HashTable\HashTable.csproj", "{3EDF2977-50F0-4E28-9603-AEFC26F4F311}"
EndProject
Project("{FAE04EC0-301F-11D3-BF4B-00C04F79EFBC}") = "Matrix", "Matrix\Matrix.csproj", "{BF1AED38-0481-4A0E-B523-FA44C332B7AB}"
EndProject
Project("{FAE04EC0-301F-11D3-BF4B-00C04F79EFBC}") = "BinaryHeap", "BinaryHeap\BinaryHeap.csproj", "{F0AA1A21-B985-4B8D-B47F-A13B9A269908}"
EndProject
Project("{2150E333-8FDC-42A3-9474-1A3956D46DE8}") = "Tree", "Tree", "{A9252667-CA7E-4C2A-A2A5-E94B9E2C3011}"
EndProject
Project("{2150E333-8FDC-42A3-9474-1A3956D46DE8}") = "Graph", "Graph", "{AFE1EE10-6278-45FF-885C-61D4C5C3DDEE}"
EndProject
Project("{FAE04EC0-301F-11D3-BF4B-00C04F79EFBC}") = "RBTree", "RBTree\RBTree.csproj", "{F60ADAD8-9E85-4C43-B7C6-06F082088978}"
EndProject
Project("{FAE04EC0-301F-11D3-BF4B-00C04F79EFBC}") = "BTree", "BTree\BTree.csproj", "{2FC35FAE-5711-4C65-BC72-5A5A66A9F012}"
EndProject
Global
	GlobalSection(SolutionConfigurationPlatforms) = preSolution
		Debug|Any CPU = Debug|Any CPU
		Release|Any CPU = Release|Any CPU
	EndGlobalSection
	GlobalSection(ProjectConfigurationPlatforms) = postSolution
		{9C798922-CF1B-46DF-AD2D-C72EB899B638}.Debug|Any CPU.ActiveCfg = Debug|Any CPU
		{9C798922-CF1B-46DF-AD2D-C72EB899B638}.Debug|Any CPU.Build.0 = Debug|Any CPU
		{9C798922-CF1B-46DF-AD2D-C72EB899B638}.Release|Any CPU.ActiveCfg = Release|Any CPU
		{9C798922-CF1B-46DF-AD2D-C72EB899B638}.Release|Any CPU.Build.0 = Release|Any CPU
		{856B723F-BC9E-421F-BF08-A839D716BFC9}.Debug|Any CPU.ActiveCfg = Debug|Any CPU
		{856B723F-BC9E-421F-BF08-A839D716BFC9}.Debug|Any CPU.Build.0 = Debug|Any CPU
		{856B723F-BC9E-421F-BF08-A839D716BFC9}.Release|Any CPU.ActiveCfg = Release|Any CPU
		{856B723F-BC9E-421F-BF08-A839D716BFC9}.Release|Any CPU.Build.0 = Release|Any CPU
		{19E1C187-F169-4F14-82A2-C635C78069E9}.Debug|Any CPU.ActiveCfg = Debug|Any CPU
		{19E1C187-F169-4F14-82A2-C635C78069E9}.Debug|Any CPU.Build.0 = Debug|Any CPU
		{19E1C187-F169-4F14-82A2-C635C78069E9}.Release|Any CPU.ActiveCfg = Release|Any CPU
		{19E1C187-F169-4F14-82A2-C635C78069E9}.Release|Any CPU.Build.0 = Release|Any CPU
		{C84C99F3-2793-4DC1-A2E6-6D4DABAE9AB5}.Debug|Any CPU.ActiveCfg = Debug|Any CPU
		{C84C99F3-2793-4DC1-A2E6-6D4DABAE9AB5}.Debug|Any CPU.Build.0 = Debug|Any CPU
		{C84C99F3-2793-4DC1-A2E6-6D4DABAE9AB5}.Release|Any CPU.ActiveCfg = Release|Any CPU
		{C84C99F3-2793-4DC1-A2E6-6D4DABAE9AB5}.Release|Any CPU.Build.0 = Release|Any CPU
		{8FCEAE81-6F32-4FC1-AAFD-2317C1816352}.Debug|Any CPU.ActiveCfg = Debug|Any CPU
		{8FCEAE81-6F32-4FC1-AAFD-2317C1816352}.Debug|Any CPU.Build.0 = Debug|Any CPU
		{8FCEAE81-6F32-4FC1-AAFD-2317C1816352}.Release|Any CPU.ActiveCfg = Release|Any CPU
		{8FCEAE81-6F32-4FC1-AAFD-2317C1816352}.Release|Any CPU.Build.0 = Release|Any CPU
		{6F5519DE-13D9-46EE-8997-41F90E380F9C}.Debug|Any CPU.ActiveCfg = Debug|Any CPU
		{6F5519DE-13D9-46EE-8997-41F90E380F9C}.Debug|Any CPU.Build.0 = Debug|Any CPU
		{6F5519DE-13D9-46EE-8997-41F90E380F9C}.Release|Any CPU.ActiveCfg = Release|Any CPU
		{6F5519DE-13D9-46EE-8997-41F90E380F9C}.Release|Any CPU.Build.0 = Release|Any CPU
		{3EDF2977-50F0-4E28-9603-AEFC26F4F311}.Debug|Any CPU.ActiveCfg = Debug|Any CPU
		{3EDF2977-50F0-4E28-9603-AEFC26F4F311}.Debug|Any CPU.Build.0 = Debug|Any CPU
		{3EDF2977-50F0-4E28-9603-AEFC26F4F311}.Release|Any CPU.ActiveCfg = Release|Any CPU
		{3EDF2977-50F0-4E28-9603-AEFC26F4F311}.Release|Any CPU.Build.0 = Release|Any CPU
		{BF1AED38-0481-4A0E-B523-FA44C332B7AB}.Debug|Any CPU.ActiveCfg = Debug|Any CPU
		{BF1AED38-0481-4A0E-B523-FA44C332B7AB}.Debug|Any CPU.Build.0 = Debug|Any CPU
		{BF1AED38-0481-4A0E-B523-FA44C332B7AB}.Release|Any CPU.ActiveCfg = Release|Any CPU
		{BF1AED38-0481-4A0E-B523-FA44C332B7AB}.Release|Any CPU.Build.0 = Release|Any CPU
		{F0AA1A21-B985-4B8D-B47F-A13B9A269908}.Debug|Any CPU.ActiveCfg = Debug|Any CPU
		{F0AA1A21-B985-4B8D-B47F-A13B9A269908}.Debug|Any CPU.Build.0 = Debug|Any CPU
		{F0AA1A21-B985-4B8D-B47F-A13B9A269908}.Release|Any CPU.ActiveCfg = Release|Any CPU
		{F0AA1A21-B985-4B8D-B47F-A13B9A269908}.Release|Any CPU.Build.0 = Release|Any CPU
		{F60ADAD8-9E85-4C43-B7C6-06F082088978}.Debug|Any CPU.ActiveCfg = Debug|Any CPU
		{F60ADAD8-9E85-4C43-B7C6-06F082088978}.Debug|Any CPU.Build.0 = Debug|Any CPU
		{F60ADAD8-9E85-4C43-B7C6-06F082088978}.Release|Any CPU.ActiveCfg = Release|Any CPU
		{F60ADAD8-9E85-4C43-B7C6-06F082088978}.Release|Any CPU.Build.0 = Release|Any CPU
		{2FC35FAE-5711-4C65-BC72-5A5A66A9F012}.Debug|Any CPU.ActiveCfg = Debug|Any CPU
		{2FC35FAE-5711-4C65-BC72-5A5A66A9F012}.Debug|Any CPU.Build.0 = Debug|Any CPU
		{2FC35FAE-5711-4C65-BC72-5A5A66A9F012}.Release|Any CPU.ActiveCfg = Release|Any CPU
		{2FC35FAE-5711-4C65-BC72-5A5A66A9F012}.Release|Any CPU.Build.0 = Release|Any CPU
	EndGlobalSection
	GlobalSection(SolutionProperties) = preSolution
		HideSolutionNode = FALSE
	EndGlobalSection
	GlobalSection(NestedProjects) = preSolution
		{9C798922-CF1B-46DF-AD2D-C72EB899B638} = {A9252667-CA7E-4C2A-A2A5-E94B9E2C3011}
		{856B723F-BC9E-421F-BF08-A839D716BFC9} = {AFE1EE10-6278-45FF-885C-61D4C5C3DDEE}
		{C84C99F3-2793-4DC1-A2E6-6D4DABAE9AB5} = {A9252667-CA7E-4C2A-A2A5-E94B9E2C3011}
		{8FCEAE81-6F32-4FC1-AAFD-2317C1816352} = {A9252667-CA7E-4C2A-A2A5-E94B9E2C3011}
		{BF1AED38-0481-4A0E-B523-FA44C332B7AB} = {AFE1EE10-6278-45FF-885C-61D4C5C3DDEE}
		{F0AA1A21-B985-4B8D-B47F-A13B9A269908} = {A9252667-CA7E-4C2A-A2A5-E94B9E2C3011}
		{F60ADAD8-9E85-4C43-B7C6-06F082088978} = {A9252667-CA7E-4C2A-A2A5-E94B9E2C3011}
		{2FC35FAE-5711-4C65-BC72-5A5A66A9F012} = {A9252667-CA7E-4C2A-A2A5-E94B9E2C3011}
	EndGlobalSection
EndGlobal
